// !$*UTF8*$!
{
	archiveVersion = 1;
	classes = {
	};
	objectVersion = 46;
	objects = {

/* Begin PBXBuildFile section */
		9930A58A1C4DE88A006F1E14 /* main.m in Sources */ = {isa = PBXBuildFile; fileRef = 9930A5891C4DE88A006F1E14 /* main.m */; };
		9930A58D1C4DE88A006F1E14 /* AppDelegate.m in Sources */ = {isa = PBXBuildFile; fileRef = 9930A58C1C4DE88A006F1E14 /* AppDelegate.m */; };
		9930A5931C4DE88A006F1E14 /* Main.storyboard in Resources */ = {isa = PBXBuildFile; fileRef = 9930A5911C4DE88A006F1E14 /* Main.storyboard */; };
		9930A5951C4DE88A006F1E14 /* Assets.xcassets in Resources */ = {isa = PBXBuildFile; fileRef = 9930A5941C4DE88A006F1E14 /* Assets.xcassets */; };
		9930A5981C4DE88A006F1E14 /* LaunchScreen.storyboard in Resources */ = {isa = PBXBuildFile; fileRef = 9930A5961C4DE88A006F1E14 /* LaunchScreen.storyboard */; };
		9930A5A31C4DE88A006F1E14 /* EZUIKitExampleProjectTests.m in Sources */ = {isa = PBXBuildFile; fileRef = 9930A5A21C4DE88A006F1E14 /* EZUIKitExampleProjectTests.m */; };
		9930A5AE1C4DE88A006F1E14 /* EZUIKitExampleProjectUITests.m in Sources */ = {isa = PBXBuildFile; fileRef = 9930A5AD1C4DE88A006F1E14 /* EZUIKitExampleProjectUITests.m */; };
		9930A5CA1C4DEA3D006F1E14 /* EZUIKit.framework in Frameworks */ = {isa = PBXBuildFile; fileRef = 9930A5C31C4DE975006F1E14 /* EZUIKit.framework */; };
		9930A6191C4E8950006F1E14 /* EZWebViewControllerExample.m in Sources */ = {isa = PBXBuildFile; fileRef = 9930A6181C4E8950006F1E14 /* EZWebViewControllerExample.m */; };
/* End PBXBuildFile section */

/* Begin PBXContainerItemProxy section */
		9930A59F1C4DE88A006F1E14 /* PBXContainerItemProxy */ = {
			isa = PBXContainerItemProxy;
			containerPortal = 9930A57D1C4DE88A006F1E14 /* Project object */;
			proxyType = 1;
			remoteGlobalIDString = 9930A5841C4DE88A006F1E14;
			remoteInfo = EZUIKitExampleProject;
		};
		9930A5AA1C4DE88A006F1E14 /* PBXContainerItemProxy */ = {
			isa = PBXContainerItemProxy;
			containerPortal = 9930A57D1C4DE88A006F1E14 /* Project object */;
			proxyType = 1;
			remoteGlobalIDString = 9930A5841C4DE88A006F1E14;
			remoteInfo = EZUIKitExampleProject;
		};
		9930A5C21C4DE975006F1E14 /* PBXContainerItemProxy */ = {
			isa = PBXContainerItemProxy;
			containerPortal = 9930A5BC1C4DE975006F1E14 /* EZUIKit.xcodeproj */;
			proxyType = 2;
			remoteGlobalIDString = 9930A5581C4DD730006F1E14;
			remoteInfo = EZUIKit;
		};
		9930A5C41C4DE975006F1E14 /* PBXContainerItemProxy */ = {
			isa = PBXContainerItemProxy;
			containerPortal = 9930A5BC1C4DE975006F1E14 /* EZUIKit.xcodeproj */;
			proxyType = 2;
			remoteGlobalIDString = 9930A5621C4DD730006F1E14;
			remoteInfo = EZUIKitTests;
		};
		9930A5C61C4DE982006F1E14 /* PBXContainerItemProxy */ = {
			isa = PBXContainerItemProxy;
			containerPortal = 9930A5BC1C4DE975006F1E14 /* EZUIKit.xcodeproj */;
			proxyType = 1;
			remoteGlobalIDString = 9930A5571C4DD730006F1E14;
			remoteInfo = EZUIKit;
		};
/* End PBXContainerItemProxy section */

/* Begin PBXFileReference section */
		9930A5851C4DE88A006F1E14 /* EZUIKitExampleProject.app */ = {isa = PBXFileReference; explicitFileType = wrapper.application; includeInIndex = 0; path = EZUIKitExampleProject.app; sourceTree = BUILT_PRODUCTS_DIR; };
		9930A5891C4DE88A006F1E14 /* main.m */ = {isa = PBXFileReference; lastKnownFileType = sourcecode.c.objc; path = main.m; sourceTree = "<group>"; };
		9930A58B1C4DE88A006F1E14 /* AppDelegate.h */ = {isa = PBXFileReference; lastKnownFileType = sourcecode.c.h; path = AppDelegate.h; sourceTree = "<group>"; };
		9930A58C1C4DE88A006F1E14 /* AppDelegate.m */ = {isa = PBXFileReference; lastKnownFileType = sourcecode.c.objc; path = AppDelegate.m; sourceTree = "<group>"; };
		9930A5921C4DE88A006F1E14 /* Base */ = {isa = PBXFileReference; lastKnownFileType = file.storyboard; name = Base; path = Base.lproj/Main.storyboard; sourceTree = "<group>"; };
		9930A5941C4DE88A006F1E14 /* Assets.xcassets */ = {isa = PBXFileReference; lastKnownFileType = folder.assetcatalog; path = Assets.xcassets; sourceTree = "<group>"; };
		9930A5971C4DE88A006F1E14 /* Base */ = {isa = PBXFileReference; lastKnownFileType = file.storyboard; name = Base; path = Base.lproj/LaunchScreen.storyboard; sourceTree = "<group>"; };
		9930A5991C4DE88A006F1E14 /* Info.plist */ = {isa = PBXFileReference; lastKnownFileType = text.plist.xml; path = Info.plist; sourceTree = "<group>"; };
		9930A59E1C4DE88A006F1E14 /* EZUIKitExampleProjectTests.xctest */ = {isa = PBXFileReference; explicitFileType = wrapper.cfbundle; includeInIndex = 0; path = EZUIKitExampleProjectTests.xctest; sourceTree = BUILT_PRODUCTS_DIR; };
		9930A5A21C4DE88A006F1E14 /* EZUIKitExampleProjectTests.m */ = {isa = PBXFileReference; lastKnownFileType = sourcecode.c.objc; path = EZUIKitExampleProjectTests.m; sourceTree = "<group>"; };
		9930A5A41C4DE88A006F1E14 /* Info.plist */ = {isa = PBXFileReference; lastKnownFileType = text.plist.xml; path = Info.plist; sourceTree = "<group>"; };
		9930A5A91C4DE88A006F1E14 /* EZUIKitExampleProjectUITests.xctest */ = {isa = PBXFileReference; explicitFileType = wrapper.cfbundle; includeInIndex = 0; path = EZUIKitExampleProjectUITests.xctest; sourceTree = BUILT_PRODUCTS_DIR; };
		9930A5AD1C4DE88A006F1E14 /* EZUIKitExampleProjectUITests.m */ = {isa = PBXFileReference; lastKnownFileType = sourcecode.c.objc; path = EZUIKitExampleProjectUITests.m; sourceTree = "<group>"; };
		9930A5AF1C4DE88A006F1E14 /* Info.plist */ = {isa = PBXFileReference; lastKnownFileType = text.plist.xml; path = Info.plist; sourceTree = "<group>"; };
		9930A5BC1C4DE975006F1E14 /* EZUIKit.xcodeproj */ = {isa = PBXFileReference; lastKnownFileType = "wrapper.pb-project"; name = EZUIKit.xcodeproj; path = ../EZUIKit.xcodeproj; sourceTree = "<group>"; };
		9930A6171C4E8950006F1E14 /* EZWebViewControllerExample.h */ = {isa = PBXFileReference; fileEncoding = 4; lastKnownFileType = sourcecode.c.h; path = EZWebViewControllerExample.h; sourceTree = "<group>"; };
		9930A6181C4E8950006F1E14 /* EZWebViewControllerExample.m */ = {isa = PBXFileReference; fileEncoding = 4; lastKnownFileType = sourcecode.c.objc; path = EZWebViewControllerExample.m; sourceTree = "<group>"; };
/* End PBXFileReference section */

/* Begin PBXFrameworksBuildPhase section */
		9930A5821C4DE88A006F1E14 /* Frameworks */ = {
			isa = PBXFrameworksBuildPhase;
			buildActionMask = 2147483647;
			files = (
				9930A5CA1C4DEA3D006F1E14 /* EZUIKit.framework in Frameworks */,
			);
			runOnlyForDeploymentPostprocessing = 0;
		};
		9930A59B1C4DE88A006F1E14 /* Frameworks */ = {
			isa = PBXFrameworksBuildPhase;
			buildActionMask = 2147483647;
			files = (
			);
			runOnlyForDeploymentPostprocessing = 0;
		};
		9930A5A61C4DE88A006F1E14 /* Frameworks */ = {
			isa = PBXFrameworksBuildPhase;
			buildActionMask = 2147483647;
			files = (
			);
			runOnlyForDeploymentPostprocessing = 0;
		};
/* End PBXFrameworksBuildPhase section */

/* Begin PBXGroup section */
		9930A57C1C4DE88A006F1E14 = {
			isa = PBXGroup;
			children = (
				9930A5BC1C4DE975006F1E14 /* EZUIKit.xcodeproj */,
				9930A5871C4DE88A006F1E14 /* EZUIKitExampleProject */,
				9930A5A11C4DE88A006F1E14 /* EZUIKitExampleProjectTests */,
				9930A5AC1C4DE88A006F1E14 /* EZUIKitExampleProjectUITests */,
				9930A5861C4DE88A006F1E14 /* Products */,
			);
			sourceTree = "<group>";
		};
		9930A5861C4DE88A006F1E14 /* Products */ = {
			isa = PBXGroup;
			children = (
				9930A5851C4DE88A006F1E14 /* EZUIKitExampleProject.app */,
				9930A59E1C4DE88A006F1E14 /* EZUIKitExampleProjectTests.xctest */,
				9930A5A91C4DE88A006F1E14 /* EZUIKitExampleProjectUITests.xctest */,
			);
			name = Products;
			sourceTree = "<group>";
		};
		9930A5871C4DE88A006F1E14 /* EZUIKitExampleProject */ = {
			isa = PBXGroup;
			children = (
				9930A5CB1C4DF112006F1E14 /* EZWebViewControllerExample */,
				9930A58B1C4DE88A006F1E14 /* AppDelegate.h */,
				9930A58C1C4DE88A006F1E14 /* AppDelegate.m */,
				9930A5911C4DE88A006F1E14 /* Main.storyboard */,
				9930A5941C4DE88A006F1E14 /* Assets.xcassets */,
				9930A5961C4DE88A006F1E14 /* LaunchScreen.storyboard */,
				9930A5991C4DE88A006F1E14 /* Info.plist */,
				9930A5881C4DE88A006F1E14 /* Supporting Files */,
			);
			path = EZUIKitExampleProject;
			sourceTree = "<group>";
		};
		9930A5881C4DE88A006F1E14 /* Supporting Files */ = {
			isa = PBXGroup;
			children = (
				9930A5891C4DE88A006F1E14 /* main.m */,
			);
			name = "Supporting Files";
			sourceTree = "<group>";
		};
		9930A5A11C4DE88A006F1E14 /* EZUIKitExampleProjectTests */ = {
			isa = PBXGroup;
			children = (
				9930A5A21C4DE88A006F1E14 /* EZUIKitExampleProjectTests.m */,
				9930A5A41C4DE88A006F1E14 /* Info.plist */,
			);
			path = EZUIKitExampleProjectTests;
			sourceTree = "<group>";
		};
		9930A5AC1C4DE88A006F1E14 /* EZUIKitExampleProjectUITests */ = {
			isa = PBXGroup;
			children = (
				9930A5AD1C4DE88A006F1E14 /* EZUIKitExampleProjectUITests.m */,
				9930A5AF1C4DE88A006F1E14 /* Info.plist */,
			);
			path = EZUIKitExampleProjectUITests;
			sourceTree = "<group>";
		};
		9930A5BD1C4DE975006F1E14 /* Products */ = {
			isa = PBXGroup;
			children = (
				9930A5C31C4DE975006F1E14 /* EZUIKit.framework */,
				9930A5C51C4DE975006F1E14 /* EZUIKitTests.xctest */,
			);
			name = Products;
			sourceTree = "<group>";
		};
		9930A5CB1C4DF112006F1E14 /* EZWebViewControllerExample */ = {
			isa = PBXGroup;
			children = (
				9930A6171C4E8950006F1E14 /* EZWebViewControllerExample.h */,
				9930A6181C4E8950006F1E14 /* EZWebViewControllerExample.m */,
			);
			path = EZWebViewControllerExample;
			sourceTree = "<group>";
		};
/* End PBXGroup section */

/* Begin PBXNativeTarget section */
		9930A5841C4DE88A006F1E14 /* EZUIKitExampleProject */ = {
			isa = PBXNativeTarget;
			buildConfigurationList = 9930A5B21C4DE88A006F1E14 /* Build configuration list for PBXNativeTarget "EZUIKitExampleProject" */;
			buildPhases = (
				9930A5811C4DE88A006F1E14 /* Sources */,
				9930A5821C4DE88A006F1E14 /* Frameworks */,
				9930A5831C4DE88A006F1E14 /* Resources */,
			);
			buildRules = (
			);
			dependencies = (
				9930A5C71C4DE982006F1E14 /* PBXTargetDependency */,
			);
			name = EZUIKitExampleProject;
			productName = EZUIKitExampleProject;
			productReference = 9930A5851C4DE88A006F1E14 /* EZUIKitExampleProject.app */;
			productType = "com.apple.product-type.application";
		};
		9930A59D1C4DE88A006F1E14 /* EZUIKitExampleProjectTests */ = {
			isa = PBXNativeTarget;
			buildConfigurationList = 9930A5B51C4DE88A006F1E14 /* Build configuration list for PBXNativeTarget "EZUIKitExampleProjectTests" */;
			buildPhases = (
				9930A59A1C4DE88A006F1E14 /* Sources */,
				9930A59B1C4DE88A006F1E14 /* Frameworks */,
				9930A59C1C4DE88A006F1E14 /* Resources */,
			);
			buildRules = (
			);
			dependencies = (
				9930A5A01C4DE88A006F1E14 /* PBXTargetDependency */,
			);
			name = EZUIKitExampleProjectTests;
			productName = EZUIKitExampleProjectTests;
			productReference = 9930A59E1C4DE88A006F1E14 /* EZUIKitExampleProjectTests.xctest */;
			productType = "com.apple.product-type.bundle.unit-test";
		};
		9930A5A81C4DE88A006F1E14 /* EZUIKitExampleProjectUITests */ = {
			isa = PBXNativeTarget;
			buildConfigurationList = 9930A5B81C4DE88A006F1E14 /* Build configuration list for PBXNativeTarget "EZUIKitExampleProjectUITests" */;
			buildPhases = (
				9930A5A51C4DE88A006F1E14 /* Sources */,
				9930A5A61C4DE88A006F1E14 /* Frameworks */,
				9930A5A71C4DE88A006F1E14 /* Resources */,
			);
			buildRules = (
			);
			dependencies = (
				9930A5AB1C4DE88A006F1E14 /* PBXTargetDependency */,
			);
			name = EZUIKitExampleProjectUITests;
			productName = EZUIKitExampleProjectUITests;
			productReference = 9930A5A91C4DE88A006F1E14 /* EZUIKitExampleProjectUITests.xctest */;
			productType = "com.apple.product-type.bundle.ui-testing";
		};
/* End PBXNativeTarget section */

/* Begin PBXProject section */
		9930A57D1C4DE88A006F1E14 /* Project object */ = {
			isa = PBXProject;
			attributes = {
				LastUpgradeCheck = 0720;
				ORGANIZATIONNAME = Cactus;
				TargetAttributes = {
					9930A5841C4DE88A006F1E14 = {
						CreatedOnToolsVersion = 7.2;
					};
					9930A59D1C4DE88A006F1E14 = {
						CreatedOnToolsVersion = 7.2;
						TestTargetID = 9930A5841C4DE88A006F1E14;
					};
					9930A5A81C4DE88A006F1E14 = {
						CreatedOnToolsVersion = 7.2;
						TestTargetID = 9930A5841C4DE88A006F1E14;
					};
				};
			};
			buildConfigurationList = 9930A5801C4DE88A006F1E14 /* Build configuration list for PBXProject "EZUIKitExampleProject" */;
			compatibilityVersion = "Xcode 3.2";
			developmentRegion = English;
			hasScannedForEncodings = 0;
			knownRegions = (
				en,
				Base,
			);
			mainGroup = 9930A57C1C4DE88A006F1E14;
			productRefGroup = 9930A5861C4DE88A006F1E14 /* Products */;
			projectDirPath = "";
			projectReferences = (
				{
					ProductGroup = 9930A5BD1C4DE975006F1E14 /* Products */;
					ProjectRef = 9930A5BC1C4DE975006F1E14 /* EZUIKit.xcodeproj */;
				},
			);
			projectRoot = "";
			targets = (
				9930A5841C4DE88A006F1E14 /* EZUIKitExampleProject */,
				9930A59D1C4DE88A006F1E14 /* EZUIKitExampleProjectTests */,
				9930A5A81C4DE88A006F1E14 /* EZUIKitExampleProjectUITests */,
			);
		};
/* End PBXProject section */

/* Begin PBXReferenceProxy section */
		9930A5C31C4DE975006F1E14 /* EZUIKit.framework */ = {
			isa = PBXReferenceProxy;
			fileType = wrapper.framework;
			path = EZUIKit.framework;
			remoteRef = 9930A5C21C4DE975006F1E14 /* PBXContainerItemProxy */;
			sourceTree = BUILT_PRODUCTS_DIR;
		};
		9930A5C51C4DE975006F1E14 /* EZUIKitTests.xctest */ = {
			isa = PBXReferenceProxy;
			fileType = wrapper.cfbundle;
			path = EZUIKitTests.xctest;
			remoteRef = 9930A5C41C4DE975006F1E14 /* PBXContainerItemProxy */;
			sourceTree = BUILT_PRODUCTS_DIR;
		};
/* End PBXReferenceProxy section */

/* Begin PBXResourcesBuildPhase section */
		9930A5831C4DE88A006F1E14 /* Resources */ = {
			isa = PBXResourcesBuildPhase;
			buildActionMask = 2147483647;
			files = (
				9930A5981C4DE88A006F1E14 /* LaunchScreen.storyboard in Resources */,
				9930A5951C4DE88A006F1E14 /* Assets.xcassets in Resources */,
				9930A5931C4DE88A006F1E14 /* Main.storyboard in Resources */,
			);
			runOnlyForDeploymentPostprocessing = 0;
		};
		9930A59C1C4DE88A006F1E14 /* Resources */ = {
			isa = PBXResourcesBuildPhase;
			buildActionMask = 2147483647;
			files = (
			);
			runOnlyForDeploymentPostprocessing = 0;
		};
		9930A5A71C4DE88A006F1E14 /* Resources */ = {
			isa = PBXResourcesBuildPhase;
			buildActionMask = 2147483647;
			files = (
			);
			runOnlyForDeploymentPostprocessing = 0;
		};
/* End PBXResourcesBuildPhase section */

/* Begin PBXSourcesBuildPhase section */
		9930A5811C4DE88A006F1E14 /* Sources */ = {
			isa = PBXSourcesBuildPhase;
			buildActionMask = 2147483647;
			files = (
				9930A58D1C4DE88A006F1E14 /* AppDelegate.m in Sources */,
				9930A6191C4E8950006F1E14 /* EZWebViewControllerExample.m in Sources */,
				9930A58A1C4DE88A006F1E14 /* main.m in Sources */,
			);
			runOnlyForDeploymentPostprocessing = 0;
		};
		9930A59A1C4DE88A006F1E14 /* Sources */ = {
			isa = PBXSourcesBuildPhase;
			buildActionMask = 2147483647;
			files = (
				9930A5A31C4DE88A006F1E14 /* EZUIKitExampleProjectTests.m in Sources */,
			);
			runOnlyForDeploymentPostprocessing = 0;
		};
		9930A5A51C4DE88A006F1E14 /* Sources */ = {
			isa = PBXSourcesBuildPhase;
			buildActionMask = 2147483647;
			files = (
				9930A5AE1C4DE88A006F1E14 /* EZUIKitExampleProjectUITests.m in Sources */,
			);
			runOnlyForDeploymentPostprocessing = 0;
		};
/* End PBXSourcesBuildPhase section */

/* Begin PBXTargetDependency section */
		9930A5A01C4DE88A006F1E14 /* PBXTargetDependency */ = {
			isa = PBXTargetDependency;
			target = 9930A5841C4DE88A006F1E14 /* EZUIKitExampleProject */;
			targetProxy = 9930A59F1C4DE88A006F1E14 /* PBXContainerItemProxy */;
		};
		9930A5AB1C4DE88A006F1E14 /* PBXTargetDependency */ = {
			isa = PBXTargetDependency;
			target = 9930A5841C4DE88A006F1E14 /* EZUIKitExampleProject */;
			targetProxy = 9930A5AA1C4DE88A006F1E14 /* PBXContainerItemProxy */;
		};
		9930A5C71C4DE982006F1E14 /* PBXTargetDependency */ = {
			isa = PBXTargetDependency;
			name = EZUIKit;
			targetProxy = 9930A5C61C4DE982006F1E14 /* PBXContainerItemProxy */;
		};
/* End PBXTargetDependency section */

/* Begin PBXVariantGroup section */
		9930A5911C4DE88A006F1E14 /* Main.storyboard */ = {
			isa = PBXVariantGroup;
			children = (
				9930A5921C4DE88A006F1E14 /* Base */,
			);
			name = Main.storyboard;
			sourceTree = "<group>";
		};
		9930A5961C4DE88A006F1E14 /* LaunchScreen.storyboard */ = {
			isa = PBXVariantGroup;
			children = (
				9930A5971C4DE88A006F1E14 /* Base */,
			);
			name = LaunchScreen.storyboard;
			sourceTree = "<group>";
		};
/* End PBXVariantGroup section */

/* Begin XCBuildConfiguration section */
		9930A5B01C4DE88A006F1E14 /* Debug */ = {
			isa = XCBuildConfiguration;
			buildSettings = {
				ALWAYS_SEARCH_USER_PATHS = NO;
				CLANG_CXX_LANGUAGE_STANDARD = "gnu++0x";
				CLANG_CXX_LIBRARY = "libc++";
				CLANG_ENABLE_MODULES = YES;
				CLANG_ENABLE_OBJC_ARC = YES;
				CLANG_WARN_BOOL_CONVERSION = YES;
				CLANG_WARN_CONSTANT_CONVERSION = YES;
				CLANG_WARN_DIRECT_OBJC_ISA_USAGE = YES_ERROR;
				CLANG_WARN_EMPTY_BODY = YES;
				CLANG_WARN_ENUM_CONVERSION = YES;
				CLANG_WARN_INT_CONVERSION = YES;
				CLANG_WARN_OBJC_ROOT_CLASS = YES_ERROR;
				CLANG_WARN_UNREACHABLE_CODE = YES;
				CLANG_WARN__DUPLICATE_METHOD_MATCH = YES;
				"CODE_SIGN_IDENTITY[sdk=iphoneos*]" = "iPhone Developer";
				COPY_PHASE_STRIP = NO;
				DEBUG_INFORMATION_FORMAT = dwarf;
				ENABLE_STRICT_OBJC_MSGSEND = YES;
				ENABLE_TESTABILITY = YES;
				GCC_C_LANGUAGE_STANDARD = gnu99;
				GCC_DYNAMIC_NO_PIC = NO;
				GCC_NO_COMMON_BLOCKS = YES;
				GCC_OPTIMIZATION_LEVEL = 0;
				GCC_PREPROCESSOR_DEFINITIONS = (
					"DEBUG=1",
					"$(inherited)",
				);
				GCC_WARN_64_TO_32_BIT_CONVERSION = YES;
				GCC_WARN_ABOUT_RETURN_TYPE = YES_ERROR;
				GCC_WARN_UNDECLARED_SELECTOR = YES;
				GCC_WARN_UNINITIALIZED_AUTOS = YES_AGGRESSIVE;
				GCC_WARN_UNUSED_FUNCTION = YES;
				GCC_WARN_UNUSED_VARIABLE = YES;
				IPHONEOS_DEPLOYMENT_TARGET = 9.2;
				MTL_ENABLE_DEBUG_INFO = YES;
				ONLY_ACTIVE_ARCH = YES;
				SDKROOT = iphoneos;
				TARGETED_DEVICE_FAMILY = "1,2";
			};
			name = Debug;
		};
		9930A5B11C4DE88A006F1E14 /* Release */ = {
			isa = XCBuildConfiguration;
			buildSettings = {
				ALWAYS_SEARCH_USER_PATHS = NO;
				CLANG_CXX_LANGUAGE_STANDARD = "gnu++0x";
				CLANG_CXX_LIBRARY = "libc++";
				CLANG_ENABLE_MODULES = YES;
				CLANG_ENABLE_OBJC_ARC = YES;
				CLANG_WARN_BOOL_CONVERSION = YES;
				CLANG_WARN_CONSTANT_CONVERSION = YES;
				CLANG_WARN_DIRECT_OBJC_ISA_USAGE = YES_ERROR;
				CLANG_WARN_EMPTY_BODY = YES;
				CLANG_WARN_ENUM_CONVERSION = YES;
				CLANG_WARN_INT_CONVERSION = YES;
				CLANG_WARN_OBJC_ROOT_CLASS = YES_ERROR;
				CLANG_WARN_UNREACHABLE_CODE = YES;
				CLANG_WARN__DUPLICATE_METHOD_MATCH = YES;
				"CODE_SIGN_IDENTITY[sdk=iphoneos*]" = "iPhone Developer";
				COPY_PHASE_STRIP = NO;
				DEBUG_INFORMATION_FORMAT = "dwarf-with-dsym";
				ENABLE_NS_ASSERTIONS = NO;
				ENABLE_STRICT_OBJC_MSGSEND = YES;
				GCC_C_LANGUAGE_STANDARD = gnu99;
				GCC_NO_COMMON_BLOCKS = YES;
				GCC_WARN_64_TO_32_BIT_CONVERSION = YES;
				GCC_WARN_ABOUT_RETURN_TYPE = YES_ERROR;
				GCC_WARN_UNDECLARED_SELECTOR = YES;
				GCC_WARN_UNINITIALIZED_AUTOS = YES_AGGRESSIVE;
				GCC_WARN_UNUSED_FUNCTION = YES;
				GCC_WARN_UNUSED_VARIABLE = YES;
				IPHONEOS_DEPLOYMENT_TARGET = 9.2;
				MTL_ENABLE_DEBUG_INFO = NO;
				SDKROOT = iphoneos;
				TARGETED_DEVICE_FAMILY = "1,2";
				VALIDATE_PRODUCT = YES;
			};
			name = Release;
		};
		9930A5B31C4DE88A006F1E14 /* Debug */ = {
			isa = XCBuildConfiguration;
			buildSettings = {
				ASSETCATALOG_COMPILER_APPICON_NAME = AppIcon;
				CODE_SIGN_IDENTITY = "iPhone Developer";
				INFOPLIST_FILE = EZUIKitExampleProject/Info.plist;
				IPHONEOS_DEPLOYMENT_TARGET = 8.0;
				LD_RUNPATH_SEARCH_PATHS = "$(inherited) @executable_path/Frameworks";
				PRODUCT_BUNDLE_IDENTIFIER = cn.neulion.test;
				PRODUCT_NAME = "$(TARGET_NAME)";
				PROVISIONING_PROFILE = "";
			};
			name = Debug;
		};
		9930A5B41C4DE88A006F1E14 /* Release */ = {
			isa = XCBuildConfiguration;
			buildSettings = {
				ASSETCATALOG_COMPILER_APPICON_NAME = AppIcon;
				CODE_SIGN_IDENTITY = "iPhone Developer";
				INFOPLIST_FILE = EZUIKitExampleProject/Info.plist;
				IPHONEOS_DEPLOYMENT_TARGET = 8.0;
				LD_RUNPATH_SEARCH_PATHS = "$(inherited) @executable_path/Frameworks";
				PRODUCT_BUNDLE_IDENTIFIER = cn.neulion.test;
				PRODUCT_NAME = "$(TARGET_NAME)";
				PROVISIONING_PROFILE = "";
			};
			name = Release;
		};
		9930A5B61C4DE88A006F1E14 /* Debug */ = {
			isa = XCBuildConfiguration;
			buildSettings = {
				BUNDLE_LOADER = "$(TEST_HOST)";
				INFOPLIST_FILE = EZUIKitExampleProjectTests/Info.plist;
				LD_RUNPATH_SEARCH_PATHS = "$(inherited) @executable_path/Frameworks @loader_path/Frameworks";
				PRODUCT_BUNDLE_IDENTIFIER = com.ouka.EZUIKitExampleProjectTests;
				PRODUCT_NAME = "$(TARGET_NAME)";
				TEST_HOST = "$(BUILT_PRODUCTS_DIR)/EZUIKitExampleProject.app/EZUIKitExampleProject";
			};
			name = Debug;
		};
		9930A5B71C4DE88A006F1E14 /* Release */ = {
			isa = XCBuildConfiguration;
			buildSettings = {
				BUNDLE_LOADER = "$(TEST_HOST)";
				INFOPLIST_FILE = EZUIKitExampleProjectTests/Info.plist;
				LD_RUNPATH_SEARCH_PATHS = "$(inherited) @executable_path/Frameworks @loader_path/Frameworks";
				PRODUCT_BUNDLE_IDENTIFIER = com.ouka.EZUIKitExampleProjectTests;
				PRODUCT_NAME = "$(TARGET_NAME)";
				TEST_HOST = "$(BUILT_PRODUCTS_DIR)/EZUIKitExampleProject.app/EZUIKitExampleProject";
			};
			name = Release;
		};
		9930A5B91C4DE88A006F1E14 /* Debug */ = {
			isa = XCBuildConfiguration;
			buildSettings = {
				INFOPLIST_FILE = EZUIKitExampleProjectUITests/Info.plist;
				LD_RUNPATH_SEARCH_PATHS = "$(inherited) @executable_path/Frameworks @loader_path/Frameworks";
				PRODUCT_BUNDLE_IDENTIFIER = com.ouka.EZUIKitExampleProjectUITests;
				PRODUCT_NAME = "$(TARGET_NAME)";
				TEST_TARGET_NAME = EZUIKitExampleProject;
				USES_XCTRUNNER = YES;
			};
			name = Debug;
		};
		9930A5BA1C4DE88A006F1E14 /* Release */ = {
			isa = XCBuildConfiguration;
			buildSettings = {
				INFOPLIST_FILE = EZUIKitExampleProjectUITests/Info.plist;
				LD_RUNPATH_SEARCH_PATHS = "$(inherited) @executable_path/Frameworks @loader_path/Frameworks";
				PRODUCT_BUNDLE_IDENTIFIER = com.ouka.EZUIKitExampleProjectUITests;
				PRODUCT_NAME = "$(TARGET_NAME)";
				TEST_TARGET_NAME = EZUIKitExampleProject;
				USES_XCTRUNNER = YES;
			};
			name = Release;
		};
/* End XCBuildConfiguration section */

/* Begin XCConfigurationList section */
		9930A5801C4DE88A006F1E14 /* Build configuration list for PBXProject "EZUIKitExampleProject" */ = {
			isa = XCConfigurationList;
			buildConfigurations = (
				9930A5B01C4DE88A006F1E14 /* Debug */,
				9930A5B11C4DE88A006F1E14 /* Release */,
			);
			defaultConfigurationIsVisible = 0;
			defaultConfigurationName = Release;
		};
		9930A5B21C4DE88A006F1E14 /* Build configuration list for PBXNativeTarget "EZUIKitExampleProject" */ = {
			isa = XCConfigurationList;
			buildConfigurations = (
				9930A5B31C4DE88A006F1E14 /* Debug */,
				9930A5B41C4DE88A006F1E14 /* Release */,
			);
			defaultConfigurationIsVisible = 0;
			defaultConfigurationName = Release;
		};
		9930A5B51C4DE88A006F1E14 /* Build configuration list for PBXNativeTarget "EZUIKitExampleProjectTests" */ = {
			isa = XCConfigurationList;
			buildConfigurations = (
				9930A5B61C4DE88A006F1E14 /* Debug */,
				9930A5B71C4DE88A006F1E14 /* Release */,
			);
			defaultConfigurationIsVisible = 0;
			defaultConfigurationName = Release;
		};
		9930A5B81C4DE88A006F1E14 /* Build configuration list for PBXNativeTarget "EZUIKitExampleProjectUITests" */ = {
			isa = XCConfigurationList;
			buildConfigurations = (
				9930A5B91C4DE88A006F1E14 /* Debug */,
				9930A5BA1C4DE88A006F1E14 /* Release */,
			);
			defaultConfigurationIsVisible = 0;
			defaultConfigurationName = Release;
		};
/* End XCConfigurationList section */
	};
	rootObject = 9930A57D1C4DE88A006F1E14 /* Project object */;
}
